%{
  "cowboy": {:hex, :cowboy, "2.10.0", "ff9ffeff91dae4ae270dd975642997afe2a1179d94b1887863e43f681a203e26", [:make, :rebar3], [{:cowlib, "2.12.1", [hex: :cowlib, repo: "hexpm", optional: false]}, {:ranch, "1.8.0", [hex: :ranch, repo: "hexpm", optional: false]}], "hexpm", "3afdccb7183cc6f143cb14d3cf51fa00e53db9ec80cdcd525482f5e99bc41d6b"},
  "cowlib": {:hex, :cowlib, "2.12.1", "a9fa9a625f1d2025fe6b462cb865881329b5caff8f1854d1cbc9f9533f00e1e1", [:make, :rebar3], [], "hexpm", "163b73f6367a7341b33c794c4e88e7dbfe6498ac42dcd69ef44c5bc5507c8db0"},
  "google_protos": {:hex, :google_protos, "0.3.0", "15faf44dce678ac028c289668ff56548806e313e4959a3aaf4f6e1ebe8db83f4", [:mix], [{:protobuf, "~> 0.10", [hex: :protobuf, repo: "hexpm", optional: false]}], "hexpm", "1f6b7fb20371f72f418b98e5e48dae3e022a9a6de1858d4b254ac5a5d0b4035f"},
  "grpc": {:hex, :grpc, "0.5.0", "a44cb306625a52fa31a2189ce91b40d24e82569568f0cc214c1e1e0faf54f58a", [:mix], [{:cowboy, "~> 2.9", [hex: :cowboy, repo: "hexpm", optional: false]}, {:cowlib, "~> 2.11", [hex: :cowlib, repo: "hexpm", optional: false]}, {:gun, "~> 2.0.1", [hex: :grpc_gun, repo: "hexpm", optional: false]}], "hexpm", "17b98593fdb1a65be7b2722821266627b3f2fba29bbbd7d0945389427c0d0d5f"},
  "gun": {:hex, :grpc_gun, "2.0.1", "221b792df3a93e8fead96f697cbaf920120deacced85c6cd3329d2e67f0871f8", [:rebar3], [{:cowlib, "~> 2.11", [hex: :cowlib, repo: "hexpm", optional: false]}], "hexpm", "795a65eb9d0ba16697e6b0e1886009ce024799e43bb42753f0c59b029f592831"},
  "jason": {:hex, :jason, "1.4.0", "e855647bc964a44e2f67df589ccf49105ae039d4179db7f6271dfd3843dc27e6", [:mix], [{:decimal, "~> 1.0 or ~> 2.0", [hex: :decimal, repo: "hexpm", optional: true]}], "hexpm", "79a3791085b2a0f743ca04cec0f7be26443738779d09302e01318f97bdb82121"},
  "joken": {:hex, :joken, "2.6.0", "b9dd9b6d52e3e6fcb6c65e151ad38bf4bc286382b5b6f97079c47ade6b1bcc6a", [:mix], [{:jose, "~> 1.11.5", [hex: :jose, repo: "hexpm", optional: false]}], "hexpm", "5a95b05a71cd0b54abd35378aeb1d487a23a52c324fa7efdffc512b655b5aaa7"},
  "jose": {:hex, :jose, "1.11.5", "3bc2d75ffa5e2c941ca93e5696b54978323191988eb8d225c2e663ddfefd515e", [:mix, :rebar3], [], "hexpm", "dcd3b215bafe02ea7c5b23dafd3eb8062a5cd8f2d904fd9caa323d37034ab384"},
  "protobuf": {:hex, :protobuf, "0.12.0", "58c0dfea5f929b96b5aa54ec02b7130688f09d2de5ddc521d696eec2a015b223", [:mix], [{:jason, "~> 1.2", [hex: :jason, repo: "hexpm", optional: true]}], "hexpm", "75fa6cbf262062073dd51be44dd0ab940500e18386a6c4e87d5819a58964dc45"},
  "ranch": {:hex, :ranch, "1.8.0", "8c7a100a139fd57f17327b6413e4167ac559fbc04ca7448e9be9057311597a1d", [:make, :rebar3], [], "hexpm", "49fbcfd3682fab1f5d109351b61257676da1a2fdbe295904176d5e521a2ddfe5"},
  "ssl_verify_fun": {:hex, :ssl_verify_fun, "1.1.6", "cf344f5692c82d2cd7554f5ec8fd961548d4fd09e7d22f5b62482e5aeaebd4b0", [:make, :mix, :rebar3], [], "hexpm", "bdb0d2471f453c88ff3908e7686f86f9be327d065cc1ec16fa4540197ea04680"},
  "tls_certificate_check": {:hex, :tls_certificate_check, "1.19.0", "c76c4c5d79ee79a2b11c84f910c825d6f024a78427c854f515748e9bd025e987", [:rebar3], [{:ssl_verify_fun, "~> 1.1", [hex: :ssl_verify_fun, repo: "hexpm", optional: false]}], "hexpm", "4083b4a298add534c96125337cb01161c358bb32dd870d5a893aae685fd91d70"},
}
